// !$*UTF8*$!
{
	archiveVersion = 1;
	classes = {
	};
	objectVersion = 50;
	objects = {

/* Begin PBXBuildFile section */
		2C353F4E2778B95A00A32BEA /* SEMS.png in Resources */ = {isa = PBXBuildFile; fileRef = 2C353F4D2778B95A00A32BEA /* SEMS.png */; };
		2CE31379269850F600EC95BE /* AppDelegate.swift in Sources */ = {isa = PBXBuildFile; fileRef = 2CE31378269850F600EC95BE /* AppDelegate.swift */; };
		2CE3137B269850F600EC95BE /* SceneDelegate.swift in Sources */ = {isa = PBXBuildFile; fileRef = 2CE3137A269850F600EC95BE /* SceneDelegate.swift */; };
		2CE3137D269850F600EC95BE /* ViewController.swift in Sources */ = {isa = PBXBuildFile; fileRef = 2CE3137C269850F600EC95BE /* ViewController.swift */; };
		2CE31380269850F600EC95BE /* Main.storyboard in Resources */ = {isa = PBXBuildFile; fileRef = 2CE3137E269850F600EC95BE /* Main.storyboard */; };
		2CE31382269850F700EC95BE /* Assets.xcassets in Resources */ = {isa = PBXBuildFile; fileRef = 2CE31381269850F700EC95BE /* Assets.xcassets */; };
		2CE31385269850F700EC95BE /* LaunchScreen.storyboard in Resources */ = {isa = PBXBuildFile; fileRef = 2CE31383269850F700EC95BE /* LaunchScreen.storyboard */; };
		2CE31390269850F700EC95BE /* ConcentrationTests.swift in Sources */ = {isa = PBXBuildFile; fileRef = 2CE3138F269850F700EC95BE /* ConcentrationTests.swift */; };
		2CE3139B269850F700EC95BE /* ConcentrationUITests.swift in Sources */ = {isa = PBXBuildFile; fileRef = 2CE3139A269850F700EC95BE /* ConcentrationUITests.swift */; };
		2CE313A926987B8200EC95BE /* Card.swift in Sources */ = {isa = PBXBuildFile; fileRef = 2CE313A826987B8200EC95BE /* Card.swift */; };
		2CE313AB26987E6900EC95BE /* ConcentrationGame.swift in Sources */ = {isa = PBXBuildFile; fileRef = 2CE313AA26987E6900EC95BE /* ConcentrationGame.swift */; };
/* End PBXBuildFile section */

/* Begin PBXContainerItemProxy section */
		2CE3138C269850F700EC95BE /* PBXContainerItemProxy */ = {
			isa = PBXContainerItemProxy;
			containerPortal = 2CE3136D269850F600EC95BE /* Project object */;
			proxyType = 1;
			remoteGlobalIDString = 2CE31374269850F600EC95BE;
			remoteInfo = Concentration;
		};
		2CE31397269850F700EC95BE /* PBXContainerItemProxy */ = {
			isa = PBXContainerItemProxy;
			containerPortal = 2CE3136D269850F600EC95BE /* Project object */;
			proxyType = 1;
			remoteGlobalIDString = 2CE31374269850F600EC95BE;
			remoteInfo = Concentration;
		};
/* End PBXContainerItemProxy section */

/* Begin PBXFileReference section */
		2C353F4D2778B95A00A32BEA /* SEMS.png */ = {isa = PBXFileReference; lastKnownFileType = image.png; name = SEMS.png; path = ../../../Desktop/SEMS.png; sourceTree = "<group>"; };
		2CE31375269850F600EC95BE /* Concentration.app */ = {isa = PBXFileReference; explicitFileType = wrapper.application; includeInIndex = 0; path = Concentration.app; sourceTree = BUILT_PRODUCTS_DIR; };
		2CE31378269850F600EC95BE /* AppDelegate.swift */ = {isa = PBXFileReference; lastKnownFileType = sourcecode.swift; path = AppDelegate.swift; sourceTree = "<group>"; };
		2CE3137A269850F600EC95BE /* SceneDelegate.swift */ = {isa = PBXFileReference; lastKnownFileType = sourcecode.swift; path = SceneDelegate.swift; sourceTree = "<group>"; };
		2CE3137C269850F600EC95BE /* ViewController.swift */ = {isa = PBXFileReference; lastKnownFileType = sourcecode.swift; path = ViewController.swift; sourceTree = "<group>"; };
		2CE3137F269850F600EC95BE /* Base */ = {isa = PBXFileReference; lastKnownFileType = file.storyboard; name = Base; path = Base.lproj/Main.storyboard; sourceTree = "<group>"; };
		2CE31381269850F700EC95BE /* Assets.xcassets */ = {isa = PBXFileReference; lastKnownFileType = folder.assetcatalog; path = Assets.xcassets; sourceTree = "<group>"; };
		2CE31384269850F700EC95BE /* Base */ = {isa = PBXFileReference; lastKnownFileType = file.storyboard; name = Base; path = Base.lproj/LaunchScreen.storyboard; sourceTree = "<group>"; };
		2CE31386269850F700EC95BE /* Info.plist */ = {isa = PBXFileReference; lastKnownFileType = text.plist.xml; path = Info.plist; sourceTree = "<group>"; };
		2CE3138B269850F700EC95BE /* ConcentrationTests.xctest */ = {isa = PBXFileReference; explicitFileType = wrapper.cfbundle; includeInIndex = 0; path = ConcentrationTests.xctest; sourceTree = BUILT_PRODUCTS_DIR; };
		2CE3138F269850F700EC95BE /* ConcentrationTests.swift */ = {isa = PBXFileReference; lastKnownFileType = sourcecode.swift; path = ConcentrationTests.swift; sourceTree = "<group>"; };
		2CE31391269850F700EC95BE /* Info.plist */ = {isa = PBXFileReference; lastKnownFileType = text.plist.xml; path = Info.plist; sourceTree = "<group>"; };
		2CE31396269850F700EC95BE /* ConcentrationUITests.xctest */ = {isa = PBXFileReference; explicitFileType = wrapper.cfbundle; includeInIndex = 0; path = ConcentrationUITests.xctest; sourceTree = BUILT_PRODUCTS_DIR; };
		2CE3139A269850F700EC95BE /* ConcentrationUITests.swift */ = {isa = PBXFileReference; lastKnownFileType = sourcecode.swift; path = ConcentrationUITests.swift; sourceTree = "<group>"; };
		2CE3139C269850F700EC95BE /* Info.plist */ = {isa = PBXFileReference; lastKnownFileType = text.plist.xml; path = Info.plist; sourceTree = "<group>"; };
		2CE313A826987B8200EC95BE /* Card.swift */ = {isa = PBXFileReference; lastKnownFileType = sourcecode.swift; path = Card.swift; sourceTree = "<group>"; };
		2CE313AA26987E6900EC95BE /* ConcentrationGame.swift */ = {isa = PBXFileReference; lastKnownFileType = sourcecode.swift; path = ConcentrationGame.swift; sourceTree = "<group>"; };
/* End PBXFileReference section */

/* Begin PBXFrameworksBuildPhase section */
		2CE31372269850F600EC95BE /* Frameworks */ = {
			isa = PBXFrameworksBuildPhase;
			buildActionMask = 2147483647;
			files = (
			);
			runOnlyForDeploymentPostprocessing = 0;
		};
		2CE31388269850F700EC95BE /* Frameworks */ = {
			isa = PBXFrameworksBuildPhase;
			buildActionMask = 2147483647;
			files = (
			);
			runOnlyForDeploymentPostprocessing = 0;
		};
		2CE31393269850F700EC95BE /* Frameworks */ = {
			isa = PBXFrameworksBuildPhase;
			buildActionMask = 2147483647;
			files = (
			);
			runOnlyForDeploymentPostprocessing = 0;
		};
/* End PBXFrameworksBuildPhase section */

/* Begin PBXGroup section */
		2CE3136C269850F600EC95BE = {
			isa = PBXGroup;
			children = (
				2CE31377269850F600EC95BE /* Concentration */,
				2CE3138E269850F700EC95BE /* ConcentrationTests */,
				2CE31399269850F700EC95BE /* ConcentrationUITests */,
				2CE31376269850F600EC95BE /* Products */,
			);
			sourceTree = "<group>";
		};
		2CE31376269850F600EC95BE /* Products */ = {
			isa = PBXGroup;
			children = (
				2CE31375269850F600EC95BE /* Concentration.app */,
				2CE3138B269850F700EC95BE /* ConcentrationTests.xctest */,
				2CE31396269850F700EC95BE /* ConcentrationUITests.xctest */,
			);
			name = Products;
			sourceTree = "<group>";
		};
		2CE31377269850F600EC95BE /* Concentration */ = {
			isa = PBXGroup;
			children = (
				2CE31378269850F600EC95BE /* AppDelegate.swift */,
				2CE3137A269850F600EC95BE /* SceneDelegate.swift */,
				2CE3137C269850F600EC95BE /* ViewController.swift */,
				2CE313AA26987E6900EC95BE /* ConcentrationGame.swift */,
				2CE313A826987B8200EC95BE /* Card.swift */,
				2CE3137E269850F600EC95BE /* Main.storyboard */,
				2CE31381269850F700EC95BE /* Assets.xcassets */,
				2CE31383269850F700EC95BE /* LaunchScreen.storyboard */,
				2C353F4D2778B95A00A32BEA /* SEMS.png */,
				2CE31386269850F700EC95BE /* Info.plist */,
			);
			path = Concentration;
			sourceTree = "<group>";
		};
		2CE3138E269850F700EC95BE /* ConcentrationTests */ = {
			isa = PBXGroup;
			children = (
				2CE3138F269850F700EC95BE /* ConcentrationTests.swift */,
				2CE31391269850F700EC95BE /* Info.plist */,
			);
			path = ConcentrationTests;
			sourceTree = "<group>";
		};
		2CE31399269850F700EC95BE /* ConcentrationUITests */ = {
			isa = PBXGroup;
			children = (
				2CE3139A269850F700EC95BE /* ConcentrationUITests.swift */,
				2CE3139C269850F700EC95BE /* Info.plist */,
			);
			path = ConcentrationUITests;
			sourceTree = "<group>";
		};
/* End PBXGroup section */

/* Begin PBXNativeTarget section */
		2CE31374269850F600EC95BE /* Concentration */ = {
			isa = PBXNativeTarget;
			buildConfigurationList = 2CE3139F269850F700EC95BE /* Build configuration list for PBXNativeTarget "Concentration" */;
			buildPhases = (
				2CE31371269850F600EC95BE /* Sources */,
				2CE31372269850F600EC95BE /* Frameworks */,
				2CE31373269850F600EC95BE /* Resources */,
			);
			buildRules = (
			);
			dependencies = (
			);
			name = Concentration;
			productName = Concentration;
			productReference = 2CE31375269850F600EC95BE /* Concentration.app */;
			productType = "com.apple.product-type.application";
		};
		2CE3138A269850F700EC95BE /* ConcentrationTests */ = {
			isa = PBXNativeTarget;
			buildConfigurationList = 2CE313A2269850F700EC95BE /* Build configuration list for PBXNativeTarget "ConcentrationTests" */;
			buildPhases = (
				2CE31387269850F700EC95BE /* Sources */,
				2CE31388269850F700EC95BE /* Frameworks */,
				2CE31389269850F700EC95BE /* Resources */,
			);
			buildRules = (
			);
			dependencies = (
				2CE3138D269850F700EC95BE /* PBXTargetDependency */,
			);
			name = ConcentrationTests;
			productName = ConcentrationTests;
			productReference = 2CE3138B269850F700EC95BE /* ConcentrationTests.xctest */;
			productType = "com.apple.product-type.bundle.unit-test";
		};
		2CE31395269850F700EC95BE /* ConcentrationUITests */ = {
			isa = PBXNativeTarget;
			buildConfigurationList = 2CE313A5269850F700EC95BE /* Build configuration list for PBXNativeTarget "ConcentrationUITests" */;
			buildPhases = (
				2CE31392269850F700EC95BE /* Sources */,
				2CE31393269850F700EC95BE /* Frameworks */,
				2CE31394269850F700EC95BE /* Resources */,
			);
			buildRules = (
			);
			dependencies = (
				2CE31398269850F700EC95BE /* PBXTargetDependency */,
			);
			name = ConcentrationUITests;
			productName = ConcentrationUITests;
			productReference = 2CE31396269850F700EC95BE /* ConcentrationUITests.xctest */;
			productType = "com.apple.product-type.bundle.ui-testing";
		};
/* End PBXNativeTarget section */

/* Begin PBXProject section */
		2CE3136D269850F600EC95BE /* Project object */ = {
			isa = PBXProject;
			attributes = {
				LastSwiftUpdateCheck = 1250;
				LastUpgradeCheck = 1250;
				TargetAttributes = {
					2CE31374269850F600EC95BE = {
						CreatedOnToolsVersion = 12.5.1;
					};
					2CE3138A269850F700EC95BE = {
						CreatedOnToolsVersion = 12.5.1;
						TestTargetID = 2CE31374269850F600EC95BE;
					};
					2CE31395269850F700EC95BE = {
						CreatedOnToolsVersion = 12.5.1;
						TestTargetID = 2CE31374269850F600EC95BE;
					};
				};
			};
			buildConfigurationList = 2CE31370269850F600EC95BE /* Build configuration list for PBXProject "Concentration" */;
			compatibilityVersion = "Xcode 9.3";
			developmentRegion = en;
			hasScannedForEncodings = 0;
			knownRegions = (
				en,
				Base,
			);
			mainGroup = 2CE3136C269850F600EC95BE;
			productRefGroup = 2CE31376269850F600EC95BE /* Products */;
			projectDirPath = "";
			projectRoot = "";
			targets = (
				2CE31374269850F600EC95BE /* Concentration */,
				2CE3138A269850F700EC95BE /* ConcentrationTests */,
				2CE31395269850F700EC95BE /* ConcentrationUITests */,
			);
		};
/* End PBXProject section */

/* Begin PBXResourcesBuildPhase section */
		2CE31373269850F600EC95BE /* Resources */ = {
			isa = PBXResourcesBuildPhase;
			buildActionMask = 2147483647;
			files = (
				2CE31385269850F700EC95BE /* LaunchScreen.storyboard in Resources */,
				2CE31382269850F700EC95BE /* Assets.xcassets in Resources */,
				2CE31380269850F600EC95BE /* Main.storyboard in Resources */,
				2C353F4E2778B95A00A32BEA /* SEMS.png in Resources */,
			);
			runOnlyForDeploymentPostprocessing = 0;
		};
		2CE31389269850F700EC95BE /* Resources */ = {
			isa = PBXResourcesBuildPhase;
			buildActionMask = 2147483647;
			files = (
			);
			runOnlyForDeploymentPostprocessing = 0;
		};
		2CE31394269850F700EC95BE /* Resources */ = {
			isa = PBXResourcesBuildPhase;
			buildActionMask = 2147483647;
			files = (
			);
			runOnlyForDeploymentPostprocessing = 0;
		};
/* End PBXResourcesBuildPhase section */

/* Begin PBXSourcesBuildPhase section */
		2CE31371269850F600EC95BE /* Sources */ = {
			isa = PBXSourcesBuildPhase;
			buildActionMask = 2147483647;
			files = (
				2CE3137D269850F600EC95BE /* ViewController.swift in Sources */,
				2CE31379269850F600EC95BE /* AppDelegate.swift in Sources */,
				2CE313AB26987E6900EC95BE /* ConcentrationGame.swift in Sources */,
				2CE3137B269850F600EC95BE /* SceneDelegate.swift in Sources */,
				2CE313A926987B8200EC95BE /* Card.swift in Sources */,
			);
			runOnlyForDeploymentPostprocessing = 0;
		};
		2CE31387269850F700EC95BE /* Sources */ = {
			isa = PBXSourcesBuildPhase;
			buildActionMask = 2147483647;
			files = (
				2CE31390269850F700EC95BE /* ConcentrationTests.swift in Sources */,
			);
			runOnlyForDeploymentPostprocessing = 0;
		};
		2CE31392269850F700EC95BE /* Sources */ = {
			isa = PBXSourcesBuildPhase;
			buildActionMask = 2147483647;
			files = (
				2CE3139B269850F700EC95BE /* ConcentrationUITests.swift in Sources */,
			);
			runOnlyForDeploymentPostprocessing = 0;
		};
/* End PBXSourcesBuildPhase section */

/* Begin PBXTargetDependency section */
		2CE3138D269850F700EC95BE /* PBXTargetDependency */ = {
			isa = PBXTargetDependency;
			target = 2CE31374269850F600EC95BE /* Concentration */;
			targetProxy = 2CE3138C269850F700EC95BE /* PBXContainerItemProxy */;
		};
		2CE31398269850F700EC95BE /* PBXTargetDependency */ = {
			isa = PBXTargetDependency;
			target = 2CE31374269850F600EC95BE /* Concentration */;
			targetProxy = 2CE31397269850F700EC95BE /* PBXContainerItemProxy */;
		};
/* End PBXTargetDependency section */

/* Begin PBXVariantGroup section */
		2CE3137E269850F600EC95BE /* Main.storyboard */ = {
			isa = PBXVariantGroup;
			children = (
				2CE3137F269850F600EC95BE /* Base */,
			);
			name = Main.storyboard;
			sourceTree = "<group>";
		};
		2CE31383269850F700EC95BE /* LaunchScreen.storyboard */ = {
			isa = PBXVariantGroup;
			children = (
				2CE31384269850F700EC95BE /* Base */,
			);
			name = LaunchScreen.storyboard;
			sourceTree = "<group>";
		};
/* End PBXVariantGroup section */

/* Begin XCBuildConfiguration section */
		2CE3139D269850F700EC95BE /* Debug */ = {
			isa = XCBuildConfiguration;
			buildSettings = {
				ALWAYS_SEARCH_USER_PATHS = NO;
				CLANG_ANALYZER_NONNULL = YES;
				CLANG_ANALYZER_NUMBER_OBJECT_CONVERSION = YES_AGGRESSIVE;
				CLANG_CXX_LANGUAGE_STANDARD = "gnu++14";
				CLANG_CXX_LIBRARY = "libc++";
				CLANG_ENABLE_MODULES = YES;
				CLANG_ENABLE_OBJC_ARC = YES;
				CLANG_ENABLE_OBJC_WEAK = YES;
				CLANG_WARN_BLOCK_CAPTURE_AUTORELEASING = YES;
				CLANG_WARN_BOOL_CONVERSION = YES;
				CLANG_WARN_COMMA = YES;
				CLANG_WARN_CONSTANT_CONVERSION = YES;
				CLANG_WARN_DEPRECATED_OBJC_IMPLEMENTATIONS = YES;
				CLANG_WARN_DIRECT_OBJC_ISA_USAGE = YES_ERROR;
				CLANG_WARN_DOCUMENTATION_COMMENTS = YES;
				CLANG_WARN_EMPTY_BODY = YES;
				CLANG_WARN_ENUM_CONVERSION = YES;
				CLANG_WARN_INFINITE_RECURSION = YES;
				CLANG_WARN_INT_CONVERSION = YES;
				CLANG_WARN_NON_LITERAL_NULL_CONVERSION = YES;
				CLANG_WARN_OBJC_IMPLICIT_RETAIN_SELF = YES;
				CLANG_WARN_OBJC_LITERAL_CONVERSION = YES;
				CLANG_WARN_OBJC_ROOT_CLASS = YES_ERROR;
				CLANG_WARN_QUOTED_INCLUDE_IN_FRAMEWORK_HEADER = YES;
				CLANG_WARN_RANGE_LOOP_ANALYSIS = YES;
				CLANG_WARN_STRICT_PROTOTYPES = YES;
				CLANG_WARN_SUSPICIOUS_MOVE = YES;
				CLANG_WARN_UNGUARDED_AVAILABILITY = YES_AGGRESSIVE;
				CLANG_WARN_UNREACHABLE_CODE = YES;
				CLANG_WARN__DUPLICATE_METHOD_MATCH = YES;
				COPY_PHASE_STRIP = NO;
				DEBUG_INFORMATION_FORMAT = dwarf;
				ENABLE_STRICT_OBJC_MSGSEND = YES;
				ENABLE_TESTABILITY = YES;
				GCC_C_LANGUAGE_STANDARD = gnu11;
				GCC_DYNAMIC_NO_PIC = NO;
				GCC_NO_COMMON_BLOCKS = YES;
				GCC_OPTIMIZATION_LEVEL = 0;
				GCC_PREPROCESSOR_DEFINITIONS = (
					"DEBUG=1",
					"$(inherited)",
				);
				GCC_WARN_64_TO_32_BIT_CONVERSION = YES;
				GCC_WARN_ABOUT_RETURN_TYPE = YES_ERROR;
				GCC_WARN_UNDECLARED_SELECTOR = YES;
				GCC_WARN_UNINITIALIZED_AUTOS = YES_AGGRESSIVE;
				GCC_WARN_UNUSED_FUNCTION = YES;
				GCC_WARN_UNUSED_VARIABLE = YES;
				IPHONEOS_DEPLOYMENT_TARGET = 14.5;
				MTL_ENABLE_DEBUG_INFO = INCLUDE_SOURCE;
				MTL_FAST_MATH = YES;
				ONLY_ACTIVE_ARCH = YES;
				SDKROOT = iphoneos;
				SWIFT_ACTIVE_COMPILATION_CONDITIONS = DEBUG;
				SWIFT_OPTIMIZATION_LEVEL = "-Onone";
			};
			name = Debug;
		};
		2CE3139E269850F700EC95BE /* Release */ = {
			isa = XCBuildConfiguration;
			buildSettings = {
				ALWAYS_SEARCH_USER_PATHS = NO;
				CLANG_ANALYZER_NONNULL = YES;
				CLANG_ANALYZER_NUMBER_OBJECT_CONVERSION = YES_AGGRESSIVE;
				CLANG_CXX_LANGUAGE_STANDARD = "gnu++14";
				CLANG_CXX_LIBRARY = "libc++";
				CLANG_ENABLE_MODULES = YES;
				CLANG_ENABLE_OBJC_ARC = YES;
				CLANG_ENABLE_OBJC_WEAK = YES;
				CLANG_WARN_BLOCK_CAPTURE_AUTORELEASING = YES;
				CLANG_WARN_BOOL_CONVERSION = YES;
				CLANG_WARN_COMMA = YES;
				CLANG_WARN_CONSTANT_CONVERSION = YES;
				CLANG_WARN_DEPRECATED_OBJC_IMPLEMENTATIONS = YES;
				CLANG_WARN_DIRECT_OBJC_ISA_USAGE = YES_ERROR;
				CLANG_WARN_DOCUMENTATION_COMMENTS = YES;
				CLANG_WARN_EMPTY_BODY = YES;
				CLANG_WARN_ENUM_CONVERSION = YES;
				CLANG_WARN_INFINITE_RECURSION = YES;
				CLANG_WARN_INT_CONVERSION = YES;
				CLANG_WARN_NON_LITERAL_NULL_CONVERSION = YES;
				CLANG_WARN_OBJC_IMPLICIT_RETAIN_SELF = YES;
				CLANG_WARN_OBJC_LITERAL_CONVERSION = YES;
				CLANG_WARN_OBJC_ROOT_CLASS = YES_ERROR;
				CLANG_WARN_QUOTED_INCLUDE_IN_FRAMEWORK_HEADER = YES;
				CLANG_WARN_RANGE_LOOP_ANALYSIS = YES;
				CLANG_WARN_STRICT_PROTOTYPES = YES;
				CLANG_WARN_SUSPICIOUS_MOVE = YES;
				CLANG_WARN_UNGUARDED_AVAILABILITY = YES_AGGRESSIVE;
				CLANG_WARN_UNREACHABLE_CODE = YES;
				CLANG_WARN__DUPLICATE_METHOD_MATCH = YES;
				COPY_PHASE_STRIP = NO;
				DEBUG_INFORMATION_FORMAT = "dwarf-with-dsym";
				ENABLE_NS_ASSERTIONS = NO;
				ENABLE_STRICT_OBJC_MSGSEND = YES;
				GCC_C_LANGUAGE_STANDARD = gnu11;
				GCC_NO_COMMON_BLOCKS = YES;
				GCC_WARN_64_TO_32_BIT_CONVERSION = YES;
				GCC_WARN_ABOUT_RETURN_TYPE = YES_ERROR;
				GCC_WARN_UNDECLARED_SELECTOR = YES;
				GCC_WARN_UNINITIALIZED_AUTOS = YES_AGGRESSIVE;
				GCC_WARN_UNUSED_FUNCTION = YES;
				GCC_WARN_UNUSED_VARIABLE = YES;
				IPHONEOS_DEPLOYMENT_TARGET = 14.5;
				MTL_ENABLE_DEBUG_INFO = NO;
				MTL_FAST_MATH = YES;
				SDKROOT = iphoneos;
				SWIFT_COMPILATION_MODE = wholemodule;
				SWIFT_OPTIMIZATION_LEVEL = "-O";
				VALIDATE_PRODUCT = YES;
			};
			name = Release;
		};
		2CE313A0269850F700EC95BE /* Debug */ = {
			isa = XCBuildConfiguration;
			buildSettings = {
				ASSETCATALOG_COMPILER_APPICON_NAME = AppIcon;
				ASSETCATALOG_COMPILER_GLOBAL_ACCENT_COLOR_NAME = AccentColor;
				CODE_SIGN_STYLE = Automatic;
				DEVELOPMENT_TEAM = BMM8857ZQD;
				INFOPLIST_FILE = Concentration/Info.plist;
				IPHONEOS_DEPLOYMENT_TARGET = 14.5;
				LD_RUNPATH_SEARCH_PATHS = (
					"$(inherited)",
					"@executable_path/Frameworks",
				);
				PRODUCT_BUNDLE_IDENTIFIER = SEMS.Concentration;
				PRODUCT_NAME = "$(TARGET_NAME)";
				SWIFT_VERSION = 5.0;
				TARGETED_DEVICE_FAMILY = "1,2";
			};
			name = Debug;
		};
		2CE313A1269850F700EC95BE /* Release */ = {
			isa = XCBuildConfiguration;
			buildSettings = {
				ASSETCATALOG_COMPILER_APPICON_NAME = AppIcon;
				ASSETCATALOG_COMPILER_GLOBAL_ACCENT_COLOR_NAME = AccentColor;
				CODE_SIGN_STYLE = Automatic;
				DEVELOPMENT_TEAM = BMM8857ZQD;
				INFOPLIST_FILE = Concentration/Info.plist;
				IPHONEOS_DEPLOYMENT_TARGET = 14.5;
				LD_RUNPATH_SEARCH_PATHS = (
					"$(inherited)",
					"@executable_path/Frameworks",
				);
				PRODUCT_BUNDLE_IDENTIFIER = SEMS.Concentration;
				PRODUCT_NAME = "$(TARGET_NAME)";
				SWIFT_VERSION = 5.0;
				TARGETED_DEVICE_FAMILY = "1,2";
			};
			name = Release;
		};
		2CE313A3269850F700EC95BE /* Debug */ = {
			isa = XCBuildConfiguration;
			buildSettings = {
				ALWAYS_EMBED_SWIFT_STANDARD_LIBRARIES = YES;
				BUNDLE_LOADER = "$(TEST_HOST)";
				CODE_SIGN_STYLE = Automatic;
				INFOPLIST_FILE = ConcentrationTests/Info.plist;
				IPHONEOS_DEPLOYMENT_TARGET = 14.5;
				LD_RUNPATH_SEARCH_PATHS = (
					"$(inherited)",
					"@executable_path/Frameworks",
					"@loader_path/Frameworks",
				);
				PRODUCT_BUNDLE_IDENTIFIER = SEMS.ConcentrationTests;
				PRODUCT_NAME = "$(TARGET_NAME)";
				SWIFT_VERSION = 5.0;
				TARGETED_DEVICE_FAMILY = "1,2";
				TEST_HOST = "$(BUILT_PRODUCTS_DIR)/Concentration.app/Concentration";
			};
			name = Debug;
		};
		2CE313A4269850F700EC95BE /* Release */ = {
			isa = XCBuildConfiguration;
			buildSettings = {
				ALWAYS_EMBED_SWIFT_STANDARD_LIBRARIES = YES;
				BUNDLE_LOADER = "$(TEST_HOST)";
				CODE_SIGN_STYLE = Automatic;
				INFOPLIST_FILE = ConcentrationTests/Info.plist;
				IPHONEOS_DEPLOYMENT_TARGET = 14.5;
				LD_RUNPATH_SEARCH_PATHS = (
					"$(inherited)",
					"@executable_path/Frameworks",
					"@loader_path/Frameworks",
				);
				PRODUCT_BUNDLE_IDENTIFIER = SEMS.ConcentrationTests;
				PRODUCT_NAME = "$(TARGET_NAME)";
				SWIFT_VERSION = 5.0;
				TARGETED_DEVICE_FAMILY = "1,2";
				TEST_HOST = "$(BUILT_PRODUCTS_DIR)/Concentration.app/Concentration";
			};
			name = Release;
		};
		2CE313A6269850F700EC95BE /* Debug */ = {
			isa = XCBuildConfiguration;
			buildSettings = {
				ALWAYS_EMBED_SWIFT_STANDARD_LIBRARIES = YES;
				CODE_SIGN_STYLE = Automatic;
				INFOPLIST_FILE = ConcentrationUITests/Info.plist;
				LD_RUNPATH_SEARCH_PATHS = (
					"$(inherited)",
					"@executable_path/Frameworks",
					"@loader_path/Frameworks",
				);
				PRODUCT_BUNDLE_IDENTIFIER = SEMS.ConcentrationUITests;
				PRODUCT_NAME = "$(TARGET_NAME)";
				SWIFT_VERSION = 5.0;
				TARGETED_DEVICE_FAMILY = "1,2";
				TEST_TARGET_NAME = Concentration;
			};
			name = Debug;
		};
		2CE313A7269850F700EC95BE /* Release */ = {
			isa = XCBuildConfiguration;
			buildSettings = {
				ALWAYS_EMBED_SWIFT_STANDARD_LIBRARIES = YES;
				CODE_SIGN_STYLE = Automatic;
				INFOPLIST_FILE = ConcentrationUITests/Info.plist;
				LD_RUNPATH_SEARCH_PATHS = (
					"$(inherited)",
					"@executable_path/Frameworks",
					"@loader_path/Frameworks",
				);
				PRODUCT_BUNDLE_IDENTIFIER = SEMS.ConcentrationUITests;
				PRODUCT_NAME = "$(TARGET_NAME)";
				SWIFT_VERSION = 5.0;
				TARGETED_DEVICE_FAMILY = "1,2";
				TEST_TARGET_NAME = Concentration;
			};
			name = Release;
		};
/* End XCBuildConfiguration section */

/* Begin XCConfigurationList section */
		2CE31370269850F600EC95BE /* Build configuration list for PBXProject "Concentration" */ = {
			isa = XCConfigurationList;
			buildConfigurations = (
				2CE3139D269850F700EC95BE /* Debug */,
				2CE3139E269850F700EC95BE /* Release */,
			);
			defaultConfigurationIsVisible = 0;
			defaultConfigurationName = Release;
		};
		2CE3139F269850F700EC95BE /* Build configuration list for PBXNativeTarget "Concentration" */ = {
			isa = XCConfigurationList;
			buildConfigurations = (
				2CE313A0269850F700EC95BE /* Debug */,
				2CE313A1269850F700EC95BE /* Release */,
			);
			defaultConfigurationIsVisible = 0;
			defaultConfigurationName = Release;
		};
		2CE313A2269850F700EC95BE /* Build configuration list for PBXNativeTarget "ConcentrationTests" */ = {
			isa = XCConfigurationList;
			buildConfigurations = (
				2CE313A3269850F700EC95BE /* Debug */,
				2CE313A4269850F700EC95BE /* Release */,
			);
			defaultConfigurationIsVisible = 0;
			defaultConfigurationName = Release;
		};
		2CE313A5269850F700EC95BE /* Build configuration list for PBXNativeTarget "ConcentrationUITests" */ = {
			isa = XCConfigurationList;
			buildConfigurations = (
				2CE313A6269850F700EC95BE /* Debug */,
				2CE313A7269850F700EC95BE /* Release */,
			);
			defaultConfigurationIsVisible = 0;
			defaultConfigurationName = Release;
		};
/* End XCConfigurationList section */
	};
	rootObject = 2CE3136D269850F600EC95BE /* Project object */;
}
